
Microsoft Visual Studio Solution File, Format Version 12.00
# Visual Studio 14
VisualStudioVersion = 14.0.25420.1
MinimumVisualStudioVersion = 10.0.40219.1
Project("{FAE04EC0-301F-11D3-BF4B-00C04F79EFBC}") = "WCFTraining", "WCFTraining\WCFTraining.csproj", "{C3D6F4BC-259E-46EB-B537-BFF5BE7948D7}"
	ProjectSection(ProjectDependencies) = postProject
		{15B3E0D2-6217-493A-A690-158C497F5318} = {15B3E0D2-6217-493A-A690-158C497F5318}
	EndProjectSection
EndProject
Project("{FAE04EC0-301F-11D3-BF4B-00C04F79EFBC}") = "WCFTraining.Service", "WCFTraining.Service\WCFTraining.Service.csproj", "{15B3E0D2-6217-493A-A690-158C497F5318}"
EndProject
Project("{FAE04EC0-301F-11D3-BF4B-00C04F79EFBC}") = "WCFTraining.Data", "WCFTraining.Data\WCFTraining.Data.csproj", "{90AAE520-F166-45DD-A346-EAE0354BA17F}"
EndProject
Project("{FAE04EC0-301F-11D3-BF4B-00C04F79EFBC}") = "WCFTraining.Model", "WCFTraining.Model\WCFTraining.Model.csproj", "{F4E2B8DF-CD4C-4EA5-891D-1DD618B32117}"
EndProject
Global
	GlobalSection(SolutionConfigurationPlatforms) = preSolution
		Debug|Any CPU = Debug|Any CPU
		Release|Any CPU = Release|Any CPU
	EndGlobalSection
	GlobalSection(ProjectConfigurationPlatforms) = postSolution
		{C3D6F4BC-259E-46EB-B537-BFF5BE7948D7}.Debug|Any CPU.ActiveCfg = Debug|Any CPU
		{C3D6F4BC-259E-46EB-B537-BFF5BE7948D7}.Debug|Any CPU.Build.0 = Debug|Any CPU
		{C3D6F4BC-259E-46EB-B537-BFF5BE7948D7}.Release|Any CPU.ActiveCfg = Release|Any CPU
		{C3D6F4BC-259E-46EB-B537-BFF5BE7948D7}.Release|Any CPU.Build.0 = Release|Any CPU
		{15B3E0D2-6217-493A-A690-158C497F5318}.Debug|Any CPU.ActiveCfg = Debug|Any CPU
		{15B3E0D2-6217-493A-A690-158C497F5318}.Debug|Any CPU.Build.0 = Debug|Any CPU
		{15B3E0D2-6217-493A-A690-158C497F5318}.Release|Any CPU.ActiveCfg = Release|Any CPU
		{15B3E0D2-6217-493A-A690-158C497F5318}.Release|Any CPU.Build.0 = Release|Any CPU
		{90AAE520-F166-45DD-A346-EAE0354BA17F}.Debug|Any CPU.ActiveCfg = Debug|Any CPU
		{90AAE520-F166-45DD-A346-EAE0354BA17F}.Debug|Any CPU.Build.0 = Debug|Any CPU
		{90AAE520-F166-45DD-A346-EAE0354BA17F}.Release|Any CPU.ActiveCfg = Release|Any CPU
		{90AAE520-F166-45DD-A346-EAE0354BA17F}.Release|Any CPU.Build.0 = Release|Any CPU
		{F4E2B8DF-CD4C-4EA5-891D-1DD618B32117}.Debug|Any CPU.ActiveCfg = Debug|Any CPU
		{F4E2B8DF-CD4C-4EA5-891D-1DD618B32117}.Debug|Any CPU.Build.0 = Debug|Any CPU
		{F4E2B8DF-CD4C-4EA5-891D-1DD618B32117}.Release|Any CPU.ActiveCfg = Release|Any CPU
		{F4E2B8DF-CD4C-4EA5-891D-1DD618B32117}.Release|Any CPU.Build.0 = Release|Any CPU
	EndGlobalSection
	GlobalSection(SolutionProperties) = preSolution
		HideSolutionNode = FALSE
	EndGlobalSection
EndGlobal
